
Microsoft Visual Studio Solution File, Format Version 12.00
# Visual Studio Version 16
VisualStudioVersion = 16.0.30114.105
MinimumVisualStudioVersion = 10.0.40219.1
Project("{FAE04EC0-301F-11D3-BF4B-00C04F79EFBC}") = "BinaryAddition", "BinaryAddition.csproj", "{68222D35-7271-43EC-884A-AEA39EDAD699}"
EndProject
Global
	GlobalSection(SolutionConfigurationPlatforms) = preSolution
		Debug|Any CPU = Debug|Any CPU
		Release|Any CPU = Release|Any CPU
	EndGlobalSection
	GlobalSection(ProjectConfigurationPlatforms) = postSolution
		{68222D35-7271-43EC-884A-AEA39EDAD699}.Debug|Any CPU.ActiveCfg = Debug|Any CPU
		{68222D35-7271-43EC-884A-AEA39EDAD699}.Debug|Any CPU.Build.0 = Debug|Any CPU
		{68222D35-7271-43EC-884A-AEA39EDAD699}.Release|Any CPU.ActiveCfg = Release|Any CPU
		{68222D35-7271-43EC-884A-AEA39EDAD699}.Release|Any CPU.Build.0 = Release|Any CPU
	EndGlobalSection
	GlobalSection(SolutionProperties) = preSolution
		HideSolutionNode = FALSE
	EndGlobalSection
	GlobalSection(ExtensibilityGlobals) = postSolution
		SolutionGuid = {1D83C19A-8752-4980-A907-DD18019CDBA8}
	EndGlobalSection
EndGlobal
